// !$*UTF8*$!
{
	archiveVersion = 1;
	classes = {
	};
	objectVersion = 77;
	objects = {

/* Begin PBXFileReference section */
		EB5BFD932F9A82FC0003767B /* index.html */ = {isa = PBXFileReference; lastKnownFileType = text.html; path = index.html; sourceTree = "<group>"; };
		EB5BFD952F9A82FC0003767B /* main.tf */ = {isa = PBXFileReference; lastKnownFileType = text; path = main.tf; sourceTree = "<group>"; };
		EB5BFD962F9A82FC0003767B /* provider.tf */ = {isa = PBXFileReference; lastKnownFileType = text; path = provider.tf; sourceTree = "<group>"; };
		EB5BFD982F9A82FC0003767B /* README.md */ = {isa = PBXFileReference; lastKnownFileType = net.daringfireball.markdown; path = README.md; sourceTree = "<group>"; };
/* End PBXFileReference section */

/* Begin PBXGroup section */
		EB5BFD8C2F9A82A80003767B = {
			isa = PBXGroup;
			children = (
				EB5BFD942F9A82FC0003767B /* aws-s3-bucket */,
				EB5BFD972F9A82FC0003767B /* aws-static-site */,
				EB5BFD982F9A82FC0003767B /* README.md */,
			);
			sourceTree = "<group>";
		};
		EB5BFD942F9A82FC0003767B /* aws-s3-bucket */ = {
			isa = PBXGroup;
			children = (
				EB5BFD932F9A82FC0003767B /* index.html */,
			);
			path = "aws-s3-bucket";
			sourceTree = "<group>";
		};
		EB5BFD972F9A82FC0003767B /* aws-static-site */ = {
			isa = PBXGroup;
			children = (
				EB5BFD952F9A82FC0003767B /* main.tf */,
				EB5BFD962F9A82FC0003767B /* provider.tf */,
			);
			path = "aws-static-site";
			sourceTree = "<group>";
		};
/* End PBXGroup section */

/* Begin PBXProject section */
		EB5BFD8D2F9A82A80003767B /* Project object */ = {
			isa = PBXProject;
			attributes = {
				BuildIndependentTargetsInParallel = 1;
				LastUpgradeCheck = 2640;
			};
			buildConfigurationList = EB5BFD902F9A82A80003767B /* Build configuration list for PBXProject "BigDataLearningProject" */;
			developmentRegion = en;
			hasScannedForEncodings = 0;
			knownRegions = (
				en,
				Base,
			);
			mainGroup = EB5BFD8C2F9A82A80003767B;
			minimizedProjectReferenceProxies = 1;
			preferredProjectObjectVersion = 77;
			projectDirPath = "";
			projectRoot = "";
			targets = (
			);
		};
/* End PBXProject section */

/* Begin XCBuildConfiguration section */
		EB5BFD912F9A82A80003767B /* Debug */ = {
			isa = XCBuildConfiguration;
			buildSettings = {
			};
			name = Debug;
		};
		EB5BFD922F9A82A80003767B /* Release */ = {
			isa = XCBuildConfiguration;
			buildSettings = {
			};
			name = Release;
		};
/* End XCBuildConfiguration section */

/* Begin XCConfigurationList section */
		EB5BFD902F9A82A80003767B /* Build configuration list for PBXProject "BigDataLearningProject" */ = {
			isa = XCConfigurationList;
			buildConfigurations = (
				EB5BFD912F9A82A80003767B /* Debug */,
				EB5BFD922F9A82A80003767B /* Release */,
			);
			defaultConfigurationIsVisible = 0;
			defaultConfigurationName = Release;
		};
/* End XCConfigurationList section */
	};
	rootObject = EB5BFD8D2F9A82A80003767B /* Project object */;
}
